
Microsoft Visual Studio Solution File, Format Version 12.00
# Visual Studio Version 17
VisualStudioVersion = 17.3.32825.248
MinimumVisualStudioVersion = 10.0.40219.1
Project("{FAE04EC0-301F-11D3-BF4B-00C04F79EFBC}") = "Kursovoi_final", "Kursovoi_final\Kursovoi_final.csproj", "{DEF28D87-E6B4-4B0C-9A29-D2FAEEA9B3D2}"
EndProject
Global
	GlobalSection(SolutionConfigurationPlatforms) = preSolution
		Debug|Any CPU = Debug|Any CPU
		Release|Any CPU = Release|Any CPU
	EndGlobalSection
	GlobalSection(ProjectConfigurationPlatforms) = postSolution
		{DEF28D87-E6B4-4B0C-9A29-D2FAEEA9B3D2}.Debug|Any CPU.ActiveCfg = Debug|Any CPU
		{DEF28D87-E6B4-4B0C-9A29-D2FAEEA9B3D2}.Debug|Any CPU.Build.0 = Debug|Any CPU
		{DEF28D87-E6B4-4B0C-9A29-D2FAEEA9B3D2}.Release|Any CPU.ActiveCfg = Release|Any CPU
		{DEF28D87-E6B4-4B0C-9A29-D2FAEEA9B3D2}.Release|Any CPU.Build.0 = Release|Any CPU
	EndGlobalSection
	GlobalSection(SolutionProperties) = preSolution
		HideSolutionNode = FALSE
	EndGlobalSection
	GlobalSection(ExtensibilityGlobals) = postSolution
		SolutionGuid = {6BF1D14C-F568-4CF4-98AB-4D8962E5EC48}
	EndGlobalSection
EndGlobal
